// !$*UTF8*$!
{
	archiveVersion = 1;
	classes = {
	};
	objectVersion = 50;
	objects = {

/* Begin PBXBuildFile section */
		29CFA6206F9C1BAE351BE5BC /* Pods_Covid_19.framework in Frameworks */ = {isa = PBXBuildFile; fileRef = 375E092CE6B1214BCCD6419E /* Pods_Covid_19.framework */; };
		3514CB5324E71D380087A4E9 /* ListenerAnimation.swift in Sources */ = {isa = PBXBuildFile; fileRef = 3514CB5124E71D370087A4E9 /* ListenerAnimation.swift */; };
		3514CB5824E7227D0087A4E9 /* 23194-chat-bot-loader.json in Resources */ = {isa = PBXBuildFile; fileRef = 3514CB5424E7226A0087A4E9 /* 23194-chat-bot-loader.json */; };
		3514CB5B24E7227D0087A4E9 /* 4380-processing.json in Resources */ = {isa = PBXBuildFile; fileRef = 3514CB5724E7227D0087A4E9 /* 4380-processing.json */; };
		35B330F424E8970900FFC90F /* Covid-19.json in Resources */ = {isa = PBXBuildFile; fileRef = 35B330F324E8970800FFC90F /* Covid-19.json */; };
		35F941A124E39DA000CED00B /* AppDelegate.swift in Sources */ = {isa = PBXBuildFile; fileRef = 35F941A024E39DA000CED00B /* AppDelegate.swift */; };
		35F941A324E39DA000CED00B /* SceneDelegate.swift in Sources */ = {isa = PBXBuildFile; fileRef = 35F941A224E39DA000CED00B /* SceneDelegate.swift */; };
		35F941A524E39DA000CED00B /* ViewController.swift in Sources */ = {isa = PBXBuildFile; fileRef = 35F941A424E39DA000CED00B /* ViewController.swift */; };
		35F941A824E39DA000CED00B /* Main.storyboard in Resources */ = {isa = PBXBuildFile; fileRef = 35F941A624E39DA000CED00B /* Main.storyboard */; };
		35F941AA24E39DA100CED00B /* Assets.xcassets in Resources */ = {isa = PBXBuildFile; fileRef = 35F941A924E39DA100CED00B /* Assets.xcassets */; };
		35F941AD24E39DA100CED00B /* LaunchScreen.storyboard in Resources */ = {isa = PBXBuildFile; fileRef = 35F941AB24E39DA100CED00B /* LaunchScreen.storyboard */; };
		35F941C624E39EB900CED00B /* AudioController.swift in Sources */ = {isa = PBXBuildFile; fileRef = 35F941BA24E39EB800CED00B /* AudioController.swift */; };
		35F941C724E39EB900CED00B /* ChatTableViewCell.swift in Sources */ = {isa = PBXBuildFile; fileRef = 35F941BB24E39EB800CED00B /* ChatTableViewCell.swift */; };
		35F941C924E39EB900CED00B /* DialogflowViewController.swift in Sources */ = {isa = PBXBuildFile; fileRef = 35F941BD24E39EB800CED00B /* DialogflowViewController.swift */; };
		35F941CA24E39EB900CED00B /* StopwatchService.swift in Sources */ = {isa = PBXBuildFile; fileRef = 35F941BE24E39EB800CED00B /* StopwatchService.swift */; };
		35F941CD24E39EB900CED00B /* ApplicationConstants.swift in Sources */ = {isa = PBXBuildFile; fileRef = 35F941C124E39EB800CED00B /* ApplicationConstants.swift */; };
/* End PBXBuildFile section */

/* Begin PBXFileReference section */
		3514CB5124E71D370087A4E9 /* ListenerAnimation.swift */ = {isa = PBXFileReference; fileEncoding = 4; lastKnownFileType = sourcecode.swift; path = ListenerAnimation.swift; sourceTree = "<group>"; };
		3514CB5424E7226A0087A4E9 /* 23194-chat-bot-loader.json */ = {isa = PBXFileReference; fileEncoding = 4; lastKnownFileType = text.json; path = "23194-chat-bot-loader.json"; sourceTree = "<group>"; };
		3514CB5724E7227D0087A4E9 /* 4380-processing.json */ = {isa = PBXFileReference; fileEncoding = 4; lastKnownFileType = text.json; path = "4380-processing.json"; sourceTree = "<group>"; };
		35B330F324E8970800FFC90F /* Covid-19.json */ = {isa = PBXFileReference; fileEncoding = 4; lastKnownFileType = text.json; path = "Covid-19.json"; sourceTree = "<group>"; };
		35F9419D24E39D9F00CED00B /* Covid-19.app */ = {isa = PBXFileReference; explicitFileType = wrapper.application; includeInIndex = 0; path = "Covid-19.app"; sourceTree = BUILT_PRODUCTS_DIR; };
		35F941A024E39DA000CED00B /* AppDelegate.swift */ = {isa = PBXFileReference; lastKnownFileType = sourcecode.swift; path = AppDelegate.swift; sourceTree = "<group>"; };
		35F941A224E39DA000CED00B /* SceneDelegate.swift */ = {isa = PBXFileReference; lastKnownFileType = sourcecode.swift; path = SceneDelegate.swift; sourceTree = "<group>"; };
		35F941A424E39DA000CED00B /* ViewController.swift */ = {isa = PBXFileReference; lastKnownFileType = sourcecode.swift; path = ViewController.swift; sourceTree = "<group>"; };
		35F941A724E39DA000CED00B /* Base */ = {isa = PBXFileReference; lastKnownFileType = file.storyboard; name = Base; path = Base.lproj/Main.storyboard; sourceTree = "<group>"; };
		35F941A924E39DA100CED00B /* Assets.xcassets */ = {isa = PBXFileReference; lastKnownFileType = folder.assetcatalog; path = Assets.xcassets; sourceTree = "<group>"; };
		35F941AC24E39DA100CED00B /* Base */ = {isa = PBXFileReference; lastKnownFileType = file.storyboard; name = Base; path = Base.lproj/LaunchScreen.storyboard; sourceTree = "<group>"; };
		35F941AE24E39DA100CED00B /* Info.plist */ = {isa = PBXFileReference; lastKnownFileType = text.plist.xml; path = Info.plist; sourceTree = "<group>"; };
		35F941BA24E39EB800CED00B /* AudioController.swift */ = {isa = PBXFileReference; fileEncoding = 4; lastKnownFileType = sourcecode.swift; path = AudioController.swift; sourceTree = "<group>"; };
		35F941BB24E39EB800CED00B /* ChatTableViewCell.swift */ = {isa = PBXFileReference; fileEncoding = 4; lastKnownFileType = sourcecode.swift; path = ChatTableViewCell.swift; sourceTree = "<group>"; };
		35F941BD24E39EB800CED00B /* DialogflowViewController.swift */ = {isa = PBXFileReference; fileEncoding = 4; lastKnownFileType = sourcecode.swift; path = DialogflowViewController.swift; sourceTree = "<group>"; };
		35F941BE24E39EB800CED00B /* StopwatchService.swift */ = {isa = PBXFileReference; fileEncoding = 4; lastKnownFileType = sourcecode.swift; path = StopwatchService.swift; sourceTree = "<group>"; };
		35F941C124E39EB800CED00B /* ApplicationConstants.swift */ = {isa = PBXFileReference; fileEncoding = 4; lastKnownFileType = sourcecode.swift; path = ApplicationConstants.swift; sourceTree = "<group>"; };
		375E092CE6B1214BCCD6419E /* Pods_Covid_19.framework */ = {isa = PBXFileReference; explicitFileType = wrapper.framework; includeInIndex = 0; path = Pods_Covid_19.framework; sourceTree = BUILT_PRODUCTS_DIR; };
		3AB952F58E141F63A42D56C9 /* Pods-Covid-19.release.xcconfig */ = {isa = PBXFileReference; includeInIndex = 1; lastKnownFileType = text.xcconfig; name = "Pods-Covid-19.release.xcconfig"; path = "Pods/Target Support Files/Pods-Covid-19/Pods-Covid-19.release.xcconfig"; sourceTree = "<group>"; };
		AF0BCAA3379C7258E3A5E39E /* Pods-Covid-19.debug.xcconfig */ = {isa = PBXFileReference; includeInIndex = 1; lastKnownFileType = text.xcconfig; name = "Pods-Covid-19.debug.xcconfig"; path = "Pods/Target Support Files/Pods-Covid-19/Pods-Covid-19.debug.xcconfig"; sourceTree = "<group>"; };
/* End PBXFileReference section */

/* Begin PBXFrameworksBuildPhase section */
		35F9419A24E39D9F00CED00B /* Frameworks */ = {
			isa = PBXFrameworksBuildPhase;
			buildActionMask = 2147483647;
			files = (
				29CFA6206F9C1BAE351BE5BC /* Pods_Covid_19.framework in Frameworks */,
			);
			runOnlyForDeploymentPostprocessing = 0;
		};
/* End PBXFrameworksBuildPhase section */

/* Begin PBXGroup section */
		3514CB4F24E71D370087A4E9 /* Animations */ = {
			isa = PBXGroup;
			children = (
				3514CB5724E7227D0087A4E9 /* 4380-processing.json */,
				3514CB5424E7226A0087A4E9 /* 23194-chat-bot-loader.json */,
				3514CB5124E71D370087A4E9 /* ListenerAnimation.swift */,
			);
			path = Animations;
			sourceTree = "<group>";
		};
		35F9419424E39D9F00CED00B = {
			isa = PBXGroup;
			children = (
				3514CB4F24E71D370087A4E9 /* Animations */,
				35F941B724E39EB800CED00B /* VoiceSupport */,
				35F9419F24E39D9F00CED00B /* Covid-19 */,
				35F9419E24E39D9F00CED00B /* Products */,
				38844B238ABAD6743B3171D9 /* Pods */,
				DCB0EBFE0D3E3B61AC584B7D /* Frameworks */,
			);
			sourceTree = "<group>";
		};
		35F9419E24E39D9F00CED00B /* Products */ = {
			isa = PBXGroup;
			children = (
				35F9419D24E39D9F00CED00B /* Covid-19.app */,
			);
			name = Products;
			sourceTree = "<group>";
		};
		35F9419F24E39D9F00CED00B /* Covid-19 */ = {
			isa = PBXGroup;
			children = (
				35F941A024E39DA000CED00B /* AppDelegate.swift */,
				35F941A224E39DA000CED00B /* SceneDelegate.swift */,
				35F941A424E39DA000CED00B /* ViewController.swift */,
				35F941A624E39DA000CED00B /* Main.storyboard */,
				35F941A924E39DA100CED00B /* Assets.xcassets */,
				35F941AB24E39DA100CED00B /* LaunchScreen.storyboard */,
				35F941AE24E39DA100CED00B /* Info.plist */,
			);
			path = "Covid-19";
			sourceTree = "<group>";
		};
		35F941B724E39EB800CED00B /* VoiceSupport */ = {
			isa = PBXGroup;
			children = (
				35F941BA24E39EB800CED00B /* AudioController.swift */,
				35F941BB24E39EB800CED00B /* ChatTableViewCell.swift */,
				35B330F324E8970800FFC90F /* Covid-19.json */,
				35F941BD24E39EB800CED00B /* DialogflowViewController.swift */,
				35F941BE24E39EB800CED00B /* StopwatchService.swift */,
				35F941C124E39EB800CED00B /* ApplicationConstants.swift */,
			);
			path = VoiceSupport;
			sourceTree = "<group>";
		};
		38844B238ABAD6743B3171D9 /* Pods */ = {
			isa = PBXGroup;
			children = (
				AF0BCAA3379C7258E3A5E39E /* Pods-Covid-19.debug.xcconfig */,
				3AB952F58E141F63A42D56C9 /* Pods-Covid-19.release.xcconfig */,
			);
			name = Pods;
			sourceTree = "<group>";
		};
		DCB0EBFE0D3E3B61AC584B7D /* Frameworks */ = {
			isa = PBXGroup;
			children = (
				375E092CE6B1214BCCD6419E /* Pods_Covid_19.framework */,
			);
			name = Frameworks;
			sourceTree = "<group>";
		};
/* End PBXGroup section */

/* Begin PBXNativeTarget section */
		35F9419C24E39D9F00CED00B /* Covid-19 */ = {
			isa = PBXNativeTarget;
			buildConfigurationList = 35F941B124E39DA100CED00B /* Build configuration list for PBXNativeTarget "Covid-19" */;
			buildPhases = (
				36AC67396A359A810EE2DA3B /* [CP] Check Pods Manifest.lock */,
				35F9419924E39D9F00CED00B /* Sources */,
				35F9419A24E39D9F00CED00B /* Frameworks */,
				35F9419B24E39D9F00CED00B /* Resources */,
				EB1DFB65F4416739347F0D4E /* [CP] Embed Pods Frameworks */,
			);
			buildRules = (
			);
			dependencies = (
			);
			name = "Covid-19";
			productName = "Covid-19";
			productReference = 35F9419D24E39D9F00CED00B /* Covid-19.app */;
			productType = "com.apple.product-type.application";
		};
/* End PBXNativeTarget section */

/* Begin PBXProject section */
		35F9419524E39D9F00CED00B /* Project object */ = {
			isa = PBXProject;
			attributes = {
				LastSwiftUpdateCheck = 1110;
				LastUpgradeCheck = 1110;
				ORGANIZATIONNAME = "Nilesh Malviya";
				TargetAttributes = {
					35F9419C24E39D9F00CED00B = {
						CreatedOnToolsVersion = 11.1;
					};
				};
			};
			buildConfigurationList = 35F9419824E39D9F00CED00B /* Build configuration list for PBXProject "Covid-19" */;
			compatibilityVersion = "Xcode 9.3";
			developmentRegion = en;
			hasScannedForEncodings = 0;
			knownRegions = (
				en,
				Base,
			);
			mainGroup = 35F9419424E39D9F00CED00B;
			productRefGroup = 35F9419E24E39D9F00CED00B /* Products */;
			projectDirPath = "";
			projectRoot = "";
			targets = (
				35F9419C24E39D9F00CED00B /* Covid-19 */,
			);
		};
/* End PBXProject section */

/* Begin PBXResourcesBuildPhase section */
		35F9419B24E39D9F00CED00B /* Resources */ = {
			isa = PBXResourcesBuildPhase;
			buildActionMask = 2147483647;
			files = (
				3514CB5824E7227D0087A4E9 /* 23194-chat-bot-loader.json in Resources */,
				35F941AD24E39DA100CED00B /* LaunchScreen.storyboard in Resources */,
				35B330F424E8970900FFC90F /* Covid-19.json in Resources */,
				3514CB5B24E7227D0087A4E9 /* 4380-processing.json in Resources */,
				35F941AA24E39DA100CED00B /* Assets.xcassets in Resources */,
				35F941A824E39DA000CED00B /* Main.storyboard in Resources */,
			);
			runOnlyForDeploymentPostprocessing = 0;
		};
/* End PBXResourcesBuildPhase section */

/* Begin PBXShellScriptBuildPhase section */
		36AC67396A359A810EE2DA3B /* [CP] Check Pods Manifest.lock */ = {
			isa = PBXShellScriptBuildPhase;
			buildActionMask = 2147483647;
			files = (
			);
			inputFileListPaths = (
			);
			inputPaths = (
				"${PODS_PODFILE_DIR_PATH}/Podfile.lock",
				"${PODS_ROOT}/Manifest.lock",
			);
			name = "[CP] Check Pods Manifest.lock";
			outputFileListPaths = (
			);
			outputPaths = (
				"$(DERIVED_FILE_DIR)/Pods-Covid-19-checkManifestLockResult.txt",
			);
			runOnlyForDeploymentPostprocessing = 0;
			shellPath = /bin/sh;
			shellScript = "diff \"${PODS_PODFILE_DIR_PATH}/Podfile.lock\" \"${PODS_ROOT}/Manifest.lock\" > /dev/null\nif [ $? != 0 ] ; then\n    # print error to STDERR\n    echo \"error: The sandbox is not in sync with the Podfile.lock. Run 'pod install' or update your CocoaPods installation.\" >&2\n    exit 1\nfi\n# This output is used by Xcode 'outputs' to avoid re-running this script phase.\necho \"SUCCESS\" > \"${SCRIPT_OUTPUT_FILE_0}\"\n";
			showEnvVarsInLog = 0;
		};
		EB1DFB65F4416739347F0D4E /* [CP] Embed Pods Frameworks */ = {
			isa = PBXShellScriptBuildPhase;
			buildActionMask = 2147483647;
			files = (
			);
			inputFileListPaths = (
			);
			inputPaths = (
				"${SRCROOT}/Pods/Target Support Files/Pods-Covid-19/Pods-Covid-19-frameworks.sh",
				"${BUILT_PRODUCTS_DIR}/BigInt/BigInt.framework",
				"${BUILT_PRODUCTS_DIR}/BoringSSL-GRPC/openssl_grpc.framework",
				"${BUILT_PRODUCTS_DIR}/CNIOAtomics/CNIOAtomics.framework",
				"${BUILT_PRODUCTS_DIR}/CNIODarwin/CNIODarwin.framework",
				"${BUILT_PRODUCTS_DIR}/CNIOLinux/CNIOLinux.framework",
				"${BUILT_PRODUCTS_DIR}/CNIOSHA1/CNIOSHA1.framework",
				"${BUILT_PRODUCTS_DIR}/CryptoSwift/CryptoSwift.framework",
				"${BUILT_PRODUCTS_DIR}/GTMSessionFetcher/GTMSessionFetcher.framework",
				"${BUILT_PRODUCTS_DIR}/GoogleUtilities/GoogleUtilities.framework",
				"${BUILT_PRODUCTS_DIR}/PromisesObjC/FBLPromises.framework",
				"${BUILT_PRODUCTS_DIR}/Protobuf/Protobuf.framework",
				"${BUILT_PRODUCTS_DIR}/SipHash/SipHash.framework",
				"${BUILT_PRODUCTS_DIR}/SwiftNIO/NIO.framework",
				"${BUILT_PRODUCTS_DIR}/SwiftNIOConcurrencyHelpers/NIOConcurrencyHelpers.framework",
				"${BUILT_PRODUCTS_DIR}/SwiftyBase64/SwiftyBase64.framework",
				"${BUILT_PRODUCTS_DIR}/abseil/absl.framework",
				"${BUILT_PRODUCTS_DIR}/gRPC-C++/grpcpp.framework",
				"${BUILT_PRODUCTS_DIR}/gRPC-Core/grpc.framework",
				"${BUILT_PRODUCTS_DIR}/gRPC-ProtoRPC/ProtoRPC.framework",
				"${BUILT_PRODUCTS_DIR}/gRPC-RxLibrary/RxLibrary.framework",
				"${BUILT_PRODUCTS_DIR}/gRPC/GRPCClient.framework",
				"${BUILT_PRODUCTS_DIR}/googleapis/googleapis.framework",
				"${BUILT_PRODUCTS_DIR}/leveldb-library/leveldb.framework",
				"${BUILT_PRODUCTS_DIR}/lottie-ios/Lottie.framework",
				"${BUILT_PRODUCTS_DIR}/nanopb/nanopb.framework",
			);
			name = "[CP] Embed Pods Frameworks";
			outputFileListPaths = (
			);
			outputPaths = (
				"${TARGET_BUILD_DIR}/${FRAMEWORKS_FOLDER_PATH}/BigInt.framework",
				"${TARGET_BUILD_DIR}/${FRAMEWORKS_FOLDER_PATH}/openssl_grpc.framework",
				"${TARGET_BUILD_DIR}/${FRAMEWORKS_FOLDER_PATH}/CNIOAtomics.framework",
				"${TARGET_BUILD_DIR}/${FRAMEWORKS_FOLDER_PATH}/CNIODarwin.framework",
				"${TARGET_BUILD_DIR}/${FRAMEWORKS_FOLDER_PATH}/CNIOLinux.framework",
				"${TARGET_BUILD_DIR}/${FRAMEWORKS_FOLDER_PATH}/CNIOSHA1.framework",
				"${TARGET_BUILD_DIR}/${FRAMEWORKS_FOLDER_PATH}/CryptoSwift.framework",
				"${TARGET_BUILD_DIR}/${FRAMEWORKS_FOLDER_PATH}/GTMSessionFetcher.framework",
				"${TARGET_BUILD_DIR}/${FRAMEWORKS_FOLDER_PATH}/GoogleUtilities.framework",
				"${TARGET_BUILD_DIR}/${FRAMEWORKS_FOLDER_PATH}/FBLPromises.framework",
				"${TARGET_BUILD_DIR}/${FRAMEWORKS_FOLDER_PATH}/Protobuf.framework",
				"${TARGET_BUILD_DIR}/${FRAMEWORKS_FOLDER_PATH}/SipHash.framework",
				"${TARGET_BUILD_DIR}/${FRAMEWORKS_FOLDER_PATH}/NIO.framework",
				"${TARGET_BUILD_DIR}/${FRAMEWORKS_FOLDER_PATH}/NIOConcurrencyHelpers.framework",
				"${TARGET_BUILD_DIR}/${FRAMEWORKS_FOLDER_PATH}/SwiftyBase64.framework",
				"${TARGET_BUILD_DIR}/${FRAMEWORKS_FOLDER_PATH}/absl.framework",
				"${TARGET_BUILD_DIR}/${FRAMEWORKS_FOLDER_PATH}/grpcpp.framework",
				"${TARGET_BUILD_DIR}/${FRAMEWORKS_FOLDER_PATH}/grpc.framework",
				"${TARGET_BUILD_DIR}/${FRAMEWORKS_FOLDER_PATH}/ProtoRPC.framework",
				"${TARGET_BUILD_DIR}/${FRAMEWORKS_FOLDER_PATH}/RxLibrary.framework",
				"${TARGET_BUILD_DIR}/${FRAMEWORKS_FOLDER_PATH}/GRPCClient.framework",
				"${TARGET_BUILD_DIR}/${FRAMEWORKS_FOLDER_PATH}/googleapis.framework",
				"${TARGET_BUILD_DIR}/${FRAMEWORKS_FOLDER_PATH}/leveldb.framework",
				"${TARGET_BUILD_DIR}/${FRAMEWORKS_FOLDER_PATH}/Lottie.framework",
				"${TARGET_BUILD_DIR}/${FRAMEWORKS_FOLDER_PATH}/nanopb.framework",
			);
			runOnlyForDeploymentPostprocessing = 0;
			shellPath = /bin/sh;
			shellScript = "\"${SRCROOT}/Pods/Target Support Files/Pods-Covid-19/Pods-Covid-19-frameworks.sh\"\n";
			showEnvVarsInLog = 0;
		};
/* End PBXShellScriptBuildPhase section */

/* Begin PBXSourcesBuildPhase section */
		35F9419924E39D9F00CED00B /* Sources */ = {
			isa = PBXSourcesBuildPhase;
			buildActionMask = 2147483647;
			files = (
				35F941CA24E39EB900CED00B /* StopwatchService.swift in Sources */,
				35F941A524E39DA000CED00B /* ViewController.swift in Sources */,
				35F941A124E39DA000CED00B /* AppDelegate.swift in Sources */,
				35F941C924E39EB900CED00B /* DialogflowViewController.swift in Sources */,
				35F941C724E39EB900CED00B /* ChatTableViewCell.swift in Sources */,
				35F941C624E39EB900CED00B /* AudioController.swift in Sources */,
				35F941CD24E39EB900CED00B /* ApplicationConstants.swift in Sources */,
				35F941A324E39DA000CED00B /* SceneDelegate.swift in Sources */,
				3514CB5324E71D380087A4E9 /* ListenerAnimation.swift in Sources */,
			);
			runOnlyForDeploymentPostprocessing = 0;
		};
/* End PBXSourcesBuildPhase section */

/* Begin PBXVariantGroup section */
		35F941A624E39DA000CED00B /* Main.storyboard */ = {
			isa = PBXVariantGroup;
			children = (
				35F941A724E39DA000CED00B /* Base */,
			);
			name = Main.storyboard;
			sourceTree = "<group>";
		};
		35F941AB24E39DA100CED00B /* LaunchScreen.storyboard */ = {
			isa = PBXVariantGroup;
			children = (
				35F941AC24E39DA100CED00B /* Base */,
			);
			name = LaunchScreen.storyboard;
			sourceTree = "<group>";
		};
/* End PBXVariantGroup section */

/* Begin XCBuildConfiguration section */
		35F941AF24E39DA100CED00B /* Debug */ = {
			isa = XCBuildConfiguration;
			buildSettings = {
				ALWAYS_SEARCH_USER_PATHS = NO;
				CLANG_ANALYZER_NONNULL = YES;
				CLANG_ANALYZER_NUMBER_OBJECT_CONVERSION = YES_AGGRESSIVE;
				CLANG_CXX_LANGUAGE_STANDARD = "gnu++14";
				CLANG_CXX_LIBRARY = "libc++";
				CLANG_ENABLE_MODULES = YES;
				CLANG_ENABLE_OBJC_ARC = YES;
				CLANG_ENABLE_OBJC_WEAK = YES;
				CLANG_WARN_BLOCK_CAPTURE_AUTORELEASING = YES;
				CLANG_WARN_BOOL_CONVERSION = YES;
				CLANG_WARN_COMMA = YES;
				CLANG_WARN_CONSTANT_CONVERSION = YES;
				CLANG_WARN_DEPRECATED_OBJC_IMPLEMENTATIONS = YES;
				CLANG_WARN_DIRECT_OBJC_ISA_USAGE = YES_ERROR;
				CLANG_WARN_DOCUMENTATION_COMMENTS = YES;
				CLANG_WARN_EMPTY_BODY = YES;
				CLANG_WARN_ENUM_CONVERSION = YES;
				CLANG_WARN_INFINITE_RECURSION = YES;
				CLANG_WARN_INT_CONVERSION = YES;
				CLANG_WARN_NON_LITERAL_NULL_CONVERSION = YES;
				CLANG_WARN_OBJC_IMPLICIT_RETAIN_SELF = YES;
				CLANG_WARN_OBJC_LITERAL_CONVERSION = YES;
				CLANG_WARN_OBJC_ROOT_CLASS = YES_ERROR;
				CLANG_WARN_RANGE_LOOP_ANALYSIS = YES;
				CLANG_WARN_STRICT_PROTOTYPES = YES;
				CLANG_WARN_SUSPICIOUS_MOVE = YES;
				CLANG_WARN_UNGUARDED_AVAILABILITY = YES_AGGRESSIVE;
				CLANG_WARN_UNREACHABLE_CODE = YES;
				CLANG_WARN__DUPLICATE_METHOD_MATCH = YES;
				COPY_PHASE_STRIP = NO;
				DEBUG_INFORMATION_FORMAT = dwarf;
				ENABLE_STRICT_OBJC_MSGSEND = YES;
				ENABLE_TESTABILITY = YES;
				GCC_C_LANGUAGE_STANDARD = gnu11;
				GCC_DYNAMIC_NO_PIC = NO;
				GCC_NO_COMMON_BLOCKS = YES;
				GCC_OPTIMIZATION_LEVEL = 0;
				GCC_PREPROCESSOR_DEFINITIONS = (
					"DEBUG=1",
					"$(inherited)",
				);
				GCC_WARN_64_TO_32_BIT_CONVERSION = YES;
				GCC_WARN_ABOUT_RETURN_TYPE = YES_ERROR;
				GCC_WARN_UNDECLARED_SELECTOR = YES;
				GCC_WARN_UNINITIALIZED_AUTOS = YES_AGGRESSIVE;
				GCC_WARN_UNUSED_FUNCTION = YES;
				GCC_WARN_UNUSED_VARIABLE = YES;
				IPHONEOS_DEPLOYMENT_TARGET = 13.1;
				MTL_ENABLE_DEBUG_INFO = INCLUDE_SOURCE;
				MTL_FAST_MATH = YES;
				ONLY_ACTIVE_ARCH = YES;
				SDKROOT = iphoneos;
				SWIFT_ACTIVE_COMPILATION_CONDITIONS = DEBUG;
				SWIFT_OPTIMIZATION_LEVEL = "-Onone";
			};
			name = Debug;
		};
		35F941B024E39DA100CED00B /* Release */ = {
			isa = XCBuildConfiguration;
			buildSettings = {
				ALWAYS_SEARCH_USER_PATHS = NO;
				CLANG_ANALYZER_NONNULL = YES;
				CLANG_ANALYZER_NUMBER_OBJECT_CONVERSION = YES_AGGRESSIVE;
				CLANG_CXX_LANGUAGE_STANDARD = "gnu++14";
				CLANG_CXX_LIBRARY = "libc++";
				CLANG_ENABLE_MODULES = YES;
				CLANG_ENABLE_OBJC_ARC = YES;
				CLANG_ENABLE_OBJC_WEAK = YES;
				CLANG_WARN_BLOCK_CAPTURE_AUTORELEASING = YES;
				CLANG_WARN_BOOL_CONVERSION = YES;
				CLANG_WARN_COMMA = YES;
				CLANG_WARN_CONSTANT_CONVERSION = YES;
				CLANG_WARN_DEPRECATED_OBJC_IMPLEMENTATIONS = YES;
				CLANG_WARN_DIRECT_OBJC_ISA_USAGE = YES_ERROR;
				CLANG_WARN_DOCUMENTATION_COMMENTS = YES;
				CLANG_WARN_EMPTY_BODY = YES;
				CLANG_WARN_ENUM_CONVERSION = YES;
				CLANG_WARN_INFINITE_RECURSION = YES;
				CLANG_WARN_INT_CONVERSION = YES;
				CLANG_WARN_NON_LITERAL_NULL_CONVERSION = YES;
				CLANG_WARN_OBJC_IMPLICIT_RETAIN_SELF = YES;
				CLANG_WARN_OBJC_LITERAL_CONVERSION = YES;
				CLANG_WARN_OBJC_ROOT_CLASS = YES_ERROR;
				CLANG_WARN_RANGE_LOOP_ANALYSIS = YES;
				CLANG_WARN_STRICT_PROTOTYPES = YES;
				CLANG_WARN_SUSPICIOUS_MOVE = YES;
				CLANG_WARN_UNGUARDED_AVAILABILITY = YES_AGGRESSIVE;
				CLANG_WARN_UNREACHABLE_CODE = YES;
				CLANG_WARN__DUPLICATE_METHOD_MATCH = YES;
				COPY_PHASE_STRIP = NO;
				DEBUG_INFORMATION_FORMAT = "dwarf-with-dsym";
				ENABLE_NS_ASSERTIONS = NO;
				ENABLE_STRICT_OBJC_MSGSEND = YES;
				GCC_C_LANGUAGE_STANDARD = gnu11;
				GCC_NO_COMMON_BLOCKS = YES;
				GCC_WARN_64_TO_32_BIT_CONVERSION = YES;
				GCC_WARN_ABOUT_RETURN_TYPE = YES_ERROR;
				GCC_WARN_UNDECLARED_SELECTOR = YES;
				GCC_WARN_UNINITIALIZED_AUTOS = YES_AGGRESSIVE;
				GCC_WARN_UNUSED_FUNCTION = YES;
				GCC_WARN_UNUSED_VARIABLE = YES;
				IPHONEOS_DEPLOYMENT_TARGET = 13.1;
				MTL_ENABLE_DEBUG_INFO = NO;
				MTL_FAST_MATH = YES;
				SDKROOT = iphoneos;
				SWIFT_COMPILATION_MODE = wholemodule;
				SWIFT_OPTIMIZATION_LEVEL = "-O";
				VALIDATE_PRODUCT = YES;
			};
			name = Release;
		};
		35F941B224E39DA100CED00B /* Debug */ = {
			isa = XCBuildConfiguration;
			baseConfigurationReference = AF0BCAA3379C7258E3A5E39E /* Pods-Covid-19.debug.xcconfig */;
			buildSettings = {
				ASSETCATALOG_COMPILER_APPICON_NAME = AppIcon;
				CODE_SIGN_STYLE = Automatic;
				DEVELOPMENT_TEAM = 5CKC9AS7BL;
				INFOPLIST_FILE = "Covid-19/Info.plist";
				IPHONEOS_DEPLOYMENT_TARGET = 13.1;
				LD_RUNPATH_SEARCH_PATHS = (
					"$(inherited)",
					"@executable_path/Frameworks",
				);
				PRODUCT_BUNDLE_IDENTIFIER = "SR.Covid-19";
				PRODUCT_NAME = "$(TARGET_NAME)";
				SWIFT_VERSION = 5.0;
				TARGETED_DEVICE_FAMILY = "1,2";
			};
			name = Debug;
		};
		35F941B324E39DA100CED00B /* Release */ = {
			isa = XCBuildConfiguration;
			baseConfigurationReference = 3AB952F58E141F63A42D56C9 /* Pods-Covid-19.release.xcconfig */;
			buildSettings = {
				ASSETCATALOG_COMPILER_APPICON_NAME = AppIcon;
				CODE_SIGN_STYLE = Automatic;
				DEVELOPMENT_TEAM = 5CKC9AS7BL;
				INFOPLIST_FILE = "Covid-19/Info.plist";
				IPHONEOS_DEPLOYMENT_TARGET = 13.1;
				LD_RUNPATH_SEARCH_PATHS = (
					"$(inherited)",
					"@executable_path/Frameworks",
				);
				PRODUCT_BUNDLE_IDENTIFIER = "SR.Covid-19";
				PRODUCT_NAME = "$(TARGET_NAME)";
				SWIFT_VERSION = 5.0;
				TARGETED_DEVICE_FAMILY = "1,2";
			};
			name = Release;
		};
/* End XCBuildConfiguration section */

/* Begin XCConfigurationList section */
		35F9419824E39D9F00CED00B /* Build configuration list for PBXProject "Covid-19" */ = {
			isa = XCConfigurationList;
			buildConfigurations = (
				35F941AF24E39DA100CED00B /* Debug */,
				35F941B024E39DA100CED00B /* Release */,
			);
			defaultConfigurationIsVisible = 0;
			defaultConfigurationName = Release;
		};
		35F941B124E39DA100CED00B /* Build configuration list for PBXNativeTarget "Covid-19" */ = {
			isa = XCConfigurationList;
			buildConfigurations = (
				35F941B224E39DA100CED00B /* Debug */,
				35F941B324E39DA100CED00B /* Release */,
			);
			defaultConfigurationIsVisible = 0;
			defaultConfigurationName = Release;
		};
/* End XCConfigurationList section */
	};
	rootObject = 35F9419524E39D9F00CED00B /* Project object */;
}
